
Microsoft Visual Studio Solution File, Format Version 12.00
# Visual Studio Version 17
VisualStudioVersion = 17.0.31912.275
MinimumVisualStudioVersion = 10.0.40219.1
Project("{FAE04EC0-301F-11D3-BF4B-00C04F79EFBC}") = "NewsPlus.Data", "NewsPlus.Data\NewsPlus.Data.csproj", "{003AA625-FD4C-41DA-8887-40CB634A59C1}"
EndProject
Project("{FAE04EC0-301F-11D3-BF4B-00C04F79EFBC}") = "NewsPlus.API", "NewsPlus.API\NewsPlus.API.csproj", "{1EBB2431-185A-4103-80F5-B43A35604E06}"
EndProject
Project("{FAE04EC0-301F-11D3-BF4B-00C04F79EFBC}") = "NewsPlus.Infrastructure", "NewsPlus.Infrastructure\NewsPlus.Infrastructure.csproj", "{0CE47091-166F-4F67-9685-A3D7692A8D3F}"
EndProject
Project("{FAE04EC0-301F-11D3-BF4B-00C04F79EFBC}") = "NewsPlus.Business", "NewsPlus.Business\NewsPlus.Business.csproj", "{EAC327E9-81AD-4F5D-8F6C-CF7BA0A658CF}"
EndProject
Project("{FAE04EC0-301F-11D3-BF4B-00C04F79EFBC}") = "NewsPlus.Common", "NewsPlus.Common\NewsPlus.Common.csproj", "{270B4628-4867-4008-B61C-3DA10523456A}"
EndProject
Global
	GlobalSection(SolutionConfigurationPlatforms) = preSolution
		Debug|Any CPU = Debug|Any CPU
		Release|Any CPU = Release|Any CPU
	EndGlobalSection
	GlobalSection(ProjectConfigurationPlatforms) = postSolution
		{003AA625-FD4C-41DA-8887-40CB634A59C1}.Debug|Any CPU.ActiveCfg = Debug|Any CPU
		{003AA625-FD4C-41DA-8887-40CB634A59C1}.Debug|Any CPU.Build.0 = Debug|Any CPU
		{003AA625-FD4C-41DA-8887-40CB634A59C1}.Release|Any CPU.ActiveCfg = Release|Any CPU
		{003AA625-FD4C-41DA-8887-40CB634A59C1}.Release|Any CPU.Build.0 = Release|Any CPU
		{1EBB2431-185A-4103-80F5-B43A35604E06}.Debug|Any CPU.ActiveCfg = Debug|Any CPU
		{1EBB2431-185A-4103-80F5-B43A35604E06}.Debug|Any CPU.Build.0 = Debug|Any CPU
		{1EBB2431-185A-4103-80F5-B43A35604E06}.Release|Any CPU.ActiveCfg = Release|Any CPU
		{1EBB2431-185A-4103-80F5-B43A35604E06}.Release|Any CPU.Build.0 = Release|Any CPU
		{0CE47091-166F-4F67-9685-A3D7692A8D3F}.Debug|Any CPU.ActiveCfg = Debug|Any CPU
		{0CE47091-166F-4F67-9685-A3D7692A8D3F}.Debug|Any CPU.Build.0 = Debug|Any CPU
		{0CE47091-166F-4F67-9685-A3D7692A8D3F}.Release|Any CPU.ActiveCfg = Release|Any CPU
		{0CE47091-166F-4F67-9685-A3D7692A8D3F}.Release|Any CPU.Build.0 = Release|Any CPU
		{EAC327E9-81AD-4F5D-8F6C-CF7BA0A658CF}.Debug|Any CPU.ActiveCfg = Debug|Any CPU
		{EAC327E9-81AD-4F5D-8F6C-CF7BA0A658CF}.Debug|Any CPU.Build.0 = Debug|Any CPU
		{EAC327E9-81AD-4F5D-8F6C-CF7BA0A658CF}.Release|Any CPU.ActiveCfg = Release|Any CPU
		{EAC327E9-81AD-4F5D-8F6C-CF7BA0A658CF}.Release|Any CPU.Build.0 = Release|Any CPU
		{270B4628-4867-4008-B61C-3DA10523456A}.Debug|Any CPU.ActiveCfg = Debug|Any CPU
		{270B4628-4867-4008-B61C-3DA10523456A}.Debug|Any CPU.Build.0 = Debug|Any CPU
		{270B4628-4867-4008-B61C-3DA10523456A}.Release|Any CPU.ActiveCfg = Release|Any CPU
		{270B4628-4867-4008-B61C-3DA10523456A}.Release|Any CPU.Build.0 = Release|Any CPU
	EndGlobalSection
	GlobalSection(SolutionProperties) = preSolution
		HideSolutionNode = FALSE
	EndGlobalSection
	GlobalSection(ExtensibilityGlobals) = postSolution
		SolutionGuid = {25CBA9CF-79AE-416F-8575-C4037D44BB49}
	EndGlobalSection
EndGlobal
